
Microsoft Visual Studio Solution File, Format Version 12.00
# Visual Studio Version 16
VisualStudioVersion = 16.6.30114.105
MinimumVisualStudioVersion = 10.0.40219.1
Project("{2150E333-8FDC-42A3-9474-1A3956D46DE8}") = "M2", "M2", "{D2D9F813-D07D-4BA7-B3E3-47EE8D242710}"
EndProject
Project("{2150E333-8FDC-42A3-9474-1A3956D46DE8}") = "M3", "M3", "{981791F7-DFAE-4CD1-BDA8-3670733B630A}"
EndProject
Project("{2150E333-8FDC-42A3-9474-1A3956D46DE8}") = "M4", "M4", "{CFC3AB5F-8AEA-4D57-8BF7-26D208F1D706}"
EndProject
Project("{2150E333-8FDC-42A3-9474-1A3956D46DE8}") = "M5", "M5", "{993CE45C-4BAF-4CCA-9CB4-E5EA74DCC761}"
EndProject
Project("{FAE04EC0-301F-11D3-BF4B-00C04F79EFBC}") = "Interfaces", "src\M2\after\Interfaces\Interfaces.csproj", "{107D2C24-4161-403D-A263-F1418BCD0AE2}"
EndProject
Project("{FAE04EC0-301F-11D3-BF4B-00C04F79EFBC}") = "WithoutGenerics", "src\M2\after\WithoutGenerics\WithoutGenerics.csproj", "{4FB53130-8377-456E-931A-21B3E423F6A4}"
EndProject
Project("{FAE04EC0-301F-11D3-BF4B-00C04F79EFBC}") = "ReflectionVariance.ConsoleApp", "src\M3\after\ReflectionVariance\ReflectionVariance.ConsoleApp\ReflectionVariance.ConsoleApp.csproj", "{0E5BBE03-1D37-429C-9D5C-CB710FFF8737}"
EndProject
Project("{FAE04EC0-301F-11D3-BF4B-00C04F79EFBC}") = "ClassesMethods", "src\M4\after\ClassesMethods\ClassesMethods.csproj", "{39DB6B70-D305-40FA-B3DE-5CC8FF1417CA}"
EndProject
Project("{FAE04EC0-301F-11D3-BF4B-00C04F79EFBC}") = "EventsDelegates", "src\M5\after\EventsDelegates\EventsDelegates.csproj", "{BB81B285-7CB3-499C-A241-41DD8760BB46}"
EndProject
Global
	GlobalSection(SolutionConfigurationPlatforms) = preSolution
		Debug|Any CPU = Debug|Any CPU
		Debug|x64 = Debug|x64
		Debug|x86 = Debug|x86
		Release|Any CPU = Release|Any CPU
		Release|x64 = Release|x64
		Release|x86 = Release|x86
	EndGlobalSection
	GlobalSection(ProjectConfigurationPlatforms) = postSolution
		{107D2C24-4161-403D-A263-F1418BCD0AE2}.Debug|Any CPU.ActiveCfg = Debug|Any CPU
		{107D2C24-4161-403D-A263-F1418BCD0AE2}.Debug|Any CPU.Build.0 = Debug|Any CPU
		{107D2C24-4161-403D-A263-F1418BCD0AE2}.Debug|x64.ActiveCfg = Debug|Any CPU
		{107D2C24-4161-403D-A263-F1418BCD0AE2}.Debug|x64.Build.0 = Debug|Any CPU
		{107D2C24-4161-403D-A263-F1418BCD0AE2}.Debug|x86.ActiveCfg = Debug|Any CPU
		{107D2C24-4161-403D-A263-F1418BCD0AE2}.Debug|x86.Build.0 = Debug|Any CPU
		{107D2C24-4161-403D-A263-F1418BCD0AE2}.Release|Any CPU.ActiveCfg = Release|Any CPU
		{107D2C24-4161-403D-A263-F1418BCD0AE2}.Release|Any CPU.Build.0 = Release|Any CPU
		{107D2C24-4161-403D-A263-F1418BCD0AE2}.Release|x64.ActiveCfg = Release|Any CPU
		{107D2C24-4161-403D-A263-F1418BCD0AE2}.Release|x64.Build.0 = Release|Any CPU
		{107D2C24-4161-403D-A263-F1418BCD0AE2}.Release|x86.ActiveCfg = Release|Any CPU
		{107D2C24-4161-403D-A263-F1418BCD0AE2}.Release|x86.Build.0 = Release|Any CPU
		{4FB53130-8377-456E-931A-21B3E423F6A4}.Debug|Any CPU.ActiveCfg = Debug|Any CPU
		{4FB53130-8377-456E-931A-21B3E423F6A4}.Debug|Any CPU.Build.0 = Debug|Any CPU
		{4FB53130-8377-456E-931A-21B3E423F6A4}.Debug|x64.ActiveCfg = Debug|Any CPU
		{4FB53130-8377-456E-931A-21B3E423F6A4}.Debug|x64.Build.0 = Debug|Any CPU
		{4FB53130-8377-456E-931A-21B3E423F6A4}.Debug|x86.ActiveCfg = Debug|Any CPU
		{4FB53130-8377-456E-931A-21B3E423F6A4}.Debug|x86.Build.0 = Debug|Any CPU
		{4FB53130-8377-456E-931A-21B3E423F6A4}.Release|Any CPU.ActiveCfg = Release|Any CPU
		{4FB53130-8377-456E-931A-21B3E423F6A4}.Release|Any CPU.Build.0 = Release|Any CPU
		{4FB53130-8377-456E-931A-21B3E423F6A4}.Release|x64.ActiveCfg = Release|Any CPU
		{4FB53130-8377-456E-931A-21B3E423F6A4}.Release|x64.Build.0 = Release|Any CPU
		{4FB53130-8377-456E-931A-21B3E423F6A4}.Release|x86.ActiveCfg = Release|Any CPU
		{4FB53130-8377-456E-931A-21B3E423F6A4}.Release|x86.Build.0 = Release|Any CPU
		{0E5BBE03-1D37-429C-9D5C-CB710FFF8737}.Debug|Any CPU.ActiveCfg = Debug|Any CPU
		{0E5BBE03-1D37-429C-9D5C-CB710FFF8737}.Debug|Any CPU.Build.0 = Debug|Any CPU
		{0E5BBE03-1D37-429C-9D5C-CB710FFF8737}.Debug|x64.ActiveCfg = Debug|Any CPU
		{0E5BBE03-1D37-429C-9D5C-CB710FFF8737}.Debug|x64.Build.0 = Debug|Any CPU
		{0E5BBE03-1D37-429C-9D5C-CB710FFF8737}.Debug|x86.ActiveCfg = Debug|Any CPU
		{0E5BBE03-1D37-429C-9D5C-CB710FFF8737}.Debug|x86.Build.0 = Debug|Any CPU
		{0E5BBE03-1D37-429C-9D5C-CB710FFF8737}.Release|Any CPU.ActiveCfg = Release|Any CPU
		{0E5BBE03-1D37-429C-9D5C-CB710FFF8737}.Release|Any CPU.Build.0 = Release|Any CPU
		{0E5BBE03-1D37-429C-9D5C-CB710FFF8737}.Release|x64.ActiveCfg = Release|Any CPU
		{0E5BBE03-1D37-429C-9D5C-CB710FFF8737}.Release|x64.Build.0 = Release|Any CPU
		{0E5BBE03-1D37-429C-9D5C-CB710FFF8737}.Release|x86.ActiveCfg = Release|Any CPU
		{0E5BBE03-1D37-429C-9D5C-CB710FFF8737}.Release|x86.Build.0 = Release|Any CPU
		{39DB6B70-D305-40FA-B3DE-5CC8FF1417CA}.Debug|Any CPU.ActiveCfg = Debug|Any CPU
		{39DB6B70-D305-40FA-B3DE-5CC8FF1417CA}.Debug|Any CPU.Build.0 = Debug|Any CPU
		{39DB6B70-D305-40FA-B3DE-5CC8FF1417CA}.Debug|x64.ActiveCfg = Debug|Any CPU
		{39DB6B70-D305-40FA-B3DE-5CC8FF1417CA}.Debug|x64.Build.0 = Debug|Any CPU
		{39DB6B70-D305-40FA-B3DE-5CC8FF1417CA}.Debug|x86.ActiveCfg = Debug|Any CPU
		{39DB6B70-D305-40FA-B3DE-5CC8FF1417CA}.Debug|x86.Build.0 = Debug|Any CPU
		{39DB6B70-D305-40FA-B3DE-5CC8FF1417CA}.Release|Any CPU.ActiveCfg = Release|Any CPU
		{39DB6B70-D305-40FA-B3DE-5CC8FF1417CA}.Release|Any CPU.Build.0 = Release|Any CPU
		{39DB6B70-D305-40FA-B3DE-5CC8FF1417CA}.Release|x64.ActiveCfg = Release|Any CPU
		{39DB6B70-D305-40FA-B3DE-5CC8FF1417CA}.Release|x64.Build.0 = Release|Any CPU
		{39DB6B70-D305-40FA-B3DE-5CC8FF1417CA}.Release|x86.ActiveCfg = Release|Any CPU
		{39DB6B70-D305-40FA-B3DE-5CC8FF1417CA}.Release|x86.Build.0 = Release|Any CPU
		{BB81B285-7CB3-499C-A241-41DD8760BB46}.Debug|Any CPU.ActiveCfg = Debug|Any CPU
		{BB81B285-7CB3-499C-A241-41DD8760BB46}.Debug|Any CPU.Build.0 = Debug|Any CPU
		{BB81B285-7CB3-499C-A241-41DD8760BB46}.Debug|x64.ActiveCfg = Debug|Any CPU
		{BB81B285-7CB3-499C-A241-41DD8760BB46}.Debug|x64.Build.0 = Debug|Any CPU
		{BB81B285-7CB3-499C-A241-41DD8760BB46}.Debug|x86.ActiveCfg = Debug|Any CPU
		{BB81B285-7CB3-499C-A241-41DD8760BB46}.Debug|x86.Build.0 = Debug|Any CPU
		{BB81B285-7CB3-499C-A241-41DD8760BB46}.Release|Any CPU.ActiveCfg = Release|Any CPU
		{BB81B285-7CB3-499C-A241-41DD8760BB46}.Release|Any CPU.Build.0 = Release|Any CPU
		{BB81B285-7CB3-499C-A241-41DD8760BB46}.Release|x64.ActiveCfg = Release|Any CPU
		{BB81B285-7CB3-499C-A241-41DD8760BB46}.Release|x64.Build.0 = Release|Any CPU
		{BB81B285-7CB3-499C-A241-41DD8760BB46}.Release|x86.ActiveCfg = Release|Any CPU
		{BB81B285-7CB3-499C-A241-41DD8760BB46}.Release|x86.Build.0 = Release|Any CPU
	EndGlobalSection
	GlobalSection(SolutionProperties) = preSolution
		HideSolutionNode = FALSE
	EndGlobalSection
	GlobalSection(ExtensibilityGlobals) = postSolution
		SolutionGuid = {0B42A56A-6C66-456E-A32D-D421D207953B}
	EndGlobalSection
	GlobalSection(NestedProjects) = preSolution
		{107D2C24-4161-403D-A263-F1418BCD0AE2} = {D2D9F813-D07D-4BA7-B3E3-47EE8D242710}
		{4FB53130-8377-456E-931A-21B3E423F6A4} = {D2D9F813-D07D-4BA7-B3E3-47EE8D242710}
		{0E5BBE03-1D37-429C-9D5C-CB710FFF8737} = {981791F7-DFAE-4CD1-BDA8-3670733B630A}
		{39DB6B70-D305-40FA-B3DE-5CC8FF1417CA} = {CFC3AB5F-8AEA-4D57-8BF7-26D208F1D706}
		{BB81B285-7CB3-499C-A241-41DD8760BB46} = {993CE45C-4BAF-4CCA-9CB4-E5EA74DCC761}
	EndGlobalSection
EndGlobal
